
Microsoft Visual Studio Solution File, Format Version 12.00
# Visual Studio 2013
VisualStudioVersion = 12.0.30501.0
MinimumVisualStudioVersion = 10.0.40219.1
Project("{FAE04EC0-301F-11D3-BF4B-00C04F79EFBC}") = "WannaApp.ExcelViewModelTests", "WannaApp.ExcelViewModelTests\WannaApp.ExcelViewModelTests.csproj", "{7889717F-24A6-4186-B3C2-2BE7856C6266}"
EndProject
Project("{FAE04EC0-301F-11D3-BF4B-00C04F79EFBC}") = "WannaApp.Excel", "WannaApp.Excel\WannaApp.Excel.csproj", "{7DF7A4EA-2662-4A75-A747-B365D544F4A5}"
EndProject
Project("{FAE04EC0-301F-11D3-BF4B-00C04F79EFBC}") = "WannaApp.ExcelManagers", "WannaApp.ExcelManagers\WannaApp.ExcelManagers.csproj", "{91753B24-6647-44B9-8ADD-A61FDF70908D}"
EndProject
Project("{FAE04EC0-301F-11D3-BF4B-00C04F79EFBC}") = "WannaApp.Excel.DemoAdd-in", "WannaApp.Excel.DemoAdd-in\WannaApp.Excel.DemoAdd-in.csproj", "{AF8CE6CB-EC5C-46F2-B748-4A58EC83F00D}"
EndProject
Global
	GlobalSection(SolutionConfigurationPlatforms) = preSolution
		Debug|Any CPU = Debug|Any CPU
		Release|Any CPU = Release|Any CPU
	EndGlobalSection
	GlobalSection(ProjectConfigurationPlatforms) = postSolution
		{7889717F-24A6-4186-B3C2-2BE7856C6266}.Debug|Any CPU.ActiveCfg = Debug|Any CPU
		{7889717F-24A6-4186-B3C2-2BE7856C6266}.Debug|Any CPU.Build.0 = Debug|Any CPU
		{7889717F-24A6-4186-B3C2-2BE7856C6266}.Release|Any CPU.ActiveCfg = Release|Any CPU
		{7889717F-24A6-4186-B3C2-2BE7856C6266}.Release|Any CPU.Build.0 = Release|Any CPU
		{7DF7A4EA-2662-4A75-A747-B365D544F4A5}.Debug|Any CPU.ActiveCfg = Debug|Any CPU
		{7DF7A4EA-2662-4A75-A747-B365D544F4A5}.Debug|Any CPU.Build.0 = Debug|Any CPU
		{7DF7A4EA-2662-4A75-A747-B365D544F4A5}.Release|Any CPU.ActiveCfg = Release|Any CPU
		{7DF7A4EA-2662-4A75-A747-B365D544F4A5}.Release|Any CPU.Build.0 = Release|Any CPU
		{91753B24-6647-44B9-8ADD-A61FDF70908D}.Debug|Any CPU.ActiveCfg = Debug|Any CPU
		{91753B24-6647-44B9-8ADD-A61FDF70908D}.Debug|Any CPU.Build.0 = Debug|Any CPU
		{91753B24-6647-44B9-8ADD-A61FDF70908D}.Release|Any CPU.ActiveCfg = Release|Any CPU
		{91753B24-6647-44B9-8ADD-A61FDF70908D}.Release|Any CPU.Build.0 = Release|Any CPU
		{AF8CE6CB-EC5C-46F2-B748-4A58EC83F00D}.Debug|Any CPU.ActiveCfg = Debug|Any CPU
		{AF8CE6CB-EC5C-46F2-B748-4A58EC83F00D}.Debug|Any CPU.Build.0 = Debug|Any CPU
		{AF8CE6CB-EC5C-46F2-B748-4A58EC83F00D}.Release|Any CPU.ActiveCfg = Release|Any CPU
		{AF8CE6CB-EC5C-46F2-B748-4A58EC83F00D}.Release|Any CPU.Build.0 = Release|Any CPU
	EndGlobalSection
	GlobalSection(SolutionProperties) = preSolution
		HideSolutionNode = FALSE
	EndGlobalSection
EndGlobal
